{
    "name": "@byteowls/capacitor-filesharer",
    "version": "1.0.0-beta.1",
    "lockfileVersion": 1,
    "requires": true,
    "dependencies": {
        "@capacitor/core": {
            "version": "1.0.0-beta.17",
            "resolved": "https://registry.npmjs.org/@capacitor/core/-/core-1.0.0-beta.17.tgz",
            "integrity": "sha512-F6v1mGvaACzuia7MydSdpNmzin/dXtyG497RAv7J2FARNN7GkievufJt/xdV5xOhejJENxayNRAsNALqEaWptQ==",
            "dev": true,
            "requires": {
                "@types/lodash": "4.14.120",
                "tslib": "1.9.3"
            }
        },
        "@types/file-saver": {
            "version": "2.0.0",
            "resolved": "https://registry.npmjs.org/@types/file-saver/-/file-saver-2.0.0.tgz",
            "integrity": "sha512-dxdRrUov2HVTbSRFX+7xwUPlbGYVEZK6PrSqClg2QPos3PNe0bCajkDDkDeeC1znjSH03KOEqVbXpnJuWa2wgQ==",
            "dev": true
        },
        "@types/lodash": {
            "version": "4.14.120",
            "resolved": "https://registry.npmjs.org/@types/lodash/-/lodash-4.14.120.tgz",
            "integrity": "sha512-jQ21kQ120mo+IrDs1nFNVm/AsdFxIx2+vZ347DbogHJPd/JzKNMOqU6HCYin1W6v8l5R9XSO2/e9cxmn7HAnVw==",
            "dev": true
        },
        "file-saver": {
            "version": "2.0.1",
            "resolved": "https://registry.npmjs.org/file-saver/-/file-saver-2.0.1.tgz",
            "integrity": "sha512-dCB3K7/BvAcUmtmh1DzFdv0eXSVJ9IAFt1mw3XZfAexodNRoE29l3xB2EX4wH2q8m/UTzwzEPq/ArYk98kUkBQ=="
        },
        "tslib": {
            "version": "1.9.3",
            "resolved": "https://registry.npmjs.org/tslib/-/tslib-1.9.3.tgz",
            "integrity": "sha512-4krF8scpejhaOgqzBEcGM7yDIEfi0/8+8zDRZhNZZ2kjmHJ4hv3zCbQWxoJGz1iw5U0Jl0nma13xzHXcncMavQ==",
            "dev": true
        },
        "typescript": {
            "version": "2.9.1",
            "resolved": "https://registry.npmjs.org/typescript/-/typescript-2.9.1.tgz",
            "integrity": "sha512-h6pM2f/GDchCFlldnriOhs1QHuwbnmj6/v7499eMHqPeW4V2G0elua2eIc2nu8v2NdHV0Gm+tzX83Hr6nUFjQA==",
            "dev": true
        }
    }
}
