PODS:
  - Capacitor (1.0.0-beta.17):
    - CapacitorCordova (= 1.0.0-beta.17)
  - CapacitorCordova (1.0.0-beta.17)

DEPENDENCIES:
  - Capacitor (~> 1.0.0-beta.16)

SPEC REPOS:
  https://github.com/cocoapods/specs.git:
    - Capacitor
    - CapacitorCordova

SPEC CHECKSUMS:
  Capacitor: e70f78a9f9ab26c8ad4a1f3a7aeda5da85e8d659
  CapacitorCordova: 3acfc17886c27567d5c5dfebbc249b634d0eafdc

PODFILE CHECKSUM: d6d522228cf8ce4ca9b7c083c4a575c2a7296b30

COCOAPODS: 1.5.3
